{
  "name": "test_branchs_feb2024_002",
  "version": "1.0.0",
  "lockfileVersion": 3,
  "requires": true,
  "packages": {
    "": {
      "name": "test_branchs_feb2024_002",
      "version": "1.0.0",
      "license": "ISC",
      "dependencies": {
        "color-console": "^0.0.1"
      }
    },
    "node_modules/color-console": {
      "version": "0.0.1",
      "resolved": "https://registry.npmjs.org/color-console/-/color-console-0.0.1.tgz",
      "integrity": "sha512-/VO+daukt1woPtQ6FCj0UirIQ59ikqJfV3xYs+sZqXPOLmbvg6BxuvDQVe0asuugELmZcGXXEOw2giiH4p84OQ=="
    }
  }
}
